#MicroXplorer Configuration settings - do not modify
ADC1.Channel-3\#ChannelRegularConversion=ADC_CHANNEL_12
ADC1.IPParameters=Rank-3\#ChannelRegularConversion,master,Channel-3\#ChannelRegularConversion,SamplingTime-3\#ChannelRegularConversion,NbrOfConversionFlag
ADC1.NbrOfConversionFlag=1
ADC1.Rank-3\#ChannelRegularConversion=1
ADC1.SamplingTime-3\#ChannelRegularConversion=ADC_SAMPLETIME_3CYCLES
ADC1.master=1
Dma.Request0=SPI2_RX
Dma.Request1=SPI2_TX
Dma.Request2=SPI1_TX
Dma.RequestsNb=3
Dma.SPI1_TX.2.Direction=DMA_MEMORY_TO_PERIPH
Dma.SPI1_TX.2.FIFOMode=DMA_FIFOMODE_DISABLE
Dma.SPI1_TX.2.Instance=DMA2_Stream3
Dma.SPI1_TX.2.MemDataAlignment=DMA_MDATAALIGN_BYTE
Dma.SPI1_TX.2.MemInc=DMA_MINC_ENABLE
Dma.SPI1_TX.2.Mode=DMA_NORMAL
Dma.SPI1_TX.2.PeriphDataAlignment=DMA_PDATAALIGN_BYTE
Dma.SPI1_TX.2.PeriphInc=DMA_PINC_DISABLE
Dma.SPI1_TX.2.Priority=DMA_PRIORITY_MEDIUM
Dma.SPI1_TX.2.RequestParameters=Instance,Direction,PeriphInc,MemInc,PeriphDataAlignment,MemDataAlignment,Mode,Priority,FIFOMode
Dma.SPI2_RX.0.Direction=DMA_PERIPH_TO_MEMORY
Dma.SPI2_RX.0.FIFOMode=DMA_FIFOMODE_DISABLE
Dma.SPI2_RX.0.Instance=DMA1_Stream3
Dma.SPI2_RX.0.MemDataAlignment=DMA_MDATAALIGN_BYTE
Dma.SPI2_RX.0.MemInc=DMA_MINC_ENABLE
Dma.SPI2_RX.0.Mode=DMA_NORMAL
Dma.SPI2_RX.0.PeriphDataAlignment=DMA_PDATAALIGN_BYTE
Dma.SPI2_RX.0.PeriphInc=DMA_PINC_DISABLE
Dma.SPI2_RX.0.Priority=DMA_PRIORITY_MEDIUM
Dma.SPI2_RX.0.RequestParameters=Instance,Direction,PeriphInc,MemInc,PeriphDataAlignment,MemDataAlignment,Mode,Priority,FIFOMode
Dma.SPI2_TX.1.Direction=DMA_MEMORY_TO_PERIPH
Dma.SPI2_TX.1.FIFOMode=DMA_FIFOMODE_DISABLE
Dma.SPI2_TX.1.Instance=DMA1_Stream4
Dma.SPI2_TX.1.MemDataAlignment=DMA_MDATAALIGN_BYTE
Dma.SPI2_TX.1.MemInc=DMA_MINC_ENABLE
Dma.SPI2_TX.1.Mode=DMA_NORMAL
Dma.SPI2_TX.1.PeriphDataAlignment=DMA_PDATAALIGN_BYTE
Dma.SPI2_TX.1.PeriphInc=DMA_PINC_DISABLE
Dma.SPI2_TX.1.Priority=DMA_PRIORITY_MEDIUM
Dma.SPI2_TX.1.RequestParameters=Instance,Direction,PeriphInc,MemInc,PeriphDataAlignment,MemDataAlignment,Mode,Priority,FIFOMode
FREERTOS.FootprintOK=true
FREERTOS.IPParameters=Tasks01,configENABLE_FPU,FootprintOK,Queues01
FREERTOS.Queues01=BuzzerQueue,6,uint16_t,0,Dynamic,NULL,NULL
FREERTOS.Tasks01=ledTask,-1,128,StartLedTask,Default,NULL,Dynamic,NULL,NULL;musicTask,-3,128,StartMusicTask,Default,NULL,Dynamic,NULL,NULL;stateMachineTas,2,256,startStateMachine,Default,NULL,Dynamic,NULL,NULL;telemTask,0,256,StartTelemTask,Default,NULL,Dynamic,NULL,NULL;baroTask,0,128,StartBaroTask,Default,NULL,Dynamic,NULL,NULL;blackboxTask,-1,256,StartBlackboxTask,Default,NULL,Dynamic,NULL,NULL
FREERTOS.configENABLE_FPU=1
File.Version=6
GPIO.groupedBy=Group By Peripherals
I2C3.ClockSpeed=400000
I2C3.I2C_Mode=I2C_Fast
I2C3.IPParameters=I2C_Mode,ClockSpeed
KeepUserPlacement=false
Mcu.Family=STM32F4
Mcu.IP0=ADC1
Mcu.IP1=DMA
Mcu.IP10=SYS
Mcu.IP11=TIM2
Mcu.IP12=TIM3
Mcu.IP13=TIM6
Mcu.IP14=USB_DEVICE
Mcu.IP15=USB_OTG_FS
Mcu.IP2=FATFS
Mcu.IP3=FREERTOS
Mcu.IP4=I2C3
Mcu.IP5=NVIC
Mcu.IP6=RCC
Mcu.IP7=SPI1
Mcu.IP8=SPI2
Mcu.IP9=SPI3
Mcu.IPNb=16
Mcu.Name=STM32F446R(C-E)Tx
Mcu.Package=LQFP64
Mcu.Pin0=PC14-OSC32_IN
Mcu.Pin1=PH0-OSC_IN
Mcu.Pin10=PA6
Mcu.Pin11=PA7
Mcu.Pin12=PC4
Mcu.Pin13=PC5
Mcu.Pin14=PB1
Mcu.Pin15=PB12
Mcu.Pin16=PB13
Mcu.Pin17=PB14
Mcu.Pin18=PB15
Mcu.Pin19=PC6
Mcu.Pin2=PH1-OSC_OUT
Mcu.Pin20=PC7
Mcu.Pin21=PC8
Mcu.Pin22=PC9
Mcu.Pin23=PA8
Mcu.Pin24=PA10
Mcu.Pin25=PA11
Mcu.Pin26=PA12
Mcu.Pin27=PA13
Mcu.Pin28=PA14
Mcu.Pin29=PA15
Mcu.Pin3=PC2
Mcu.Pin30=PC10
Mcu.Pin31=PC11
Mcu.Pin32=PC12
Mcu.Pin33=PD2
Mcu.Pin34=PB3
Mcu.Pin35=PB4
Mcu.Pin36=PB5
Mcu.Pin37=PB6
Mcu.Pin38=PB8
Mcu.Pin39=PB9
Mcu.Pin4=PA0-WKUP
Mcu.Pin40=VP_FATFS_VS_Generic
Mcu.Pin41=VP_FREERTOS_VS_CMSIS_V1
Mcu.Pin42=VP_SYS_VS_tim1
Mcu.Pin43=VP_TIM3_VS_ClockSourceINT
Mcu.Pin44=VP_TIM6_VS_ClockSourceINT
Mcu.Pin45=VP_USB_DEVICE_VS_USB_DEVICE_CDC_FS
Mcu.Pin5=PA1
Mcu.Pin6=PA2
Mcu.Pin7=PA3
Mcu.Pin8=PA4
Mcu.Pin9=PA5
Mcu.PinsNb=46
Mcu.ThirdPartyNb=0
Mcu.UserConstants=
Mcu.UserName=STM32F446RETx
MxCube.Version=6.1.0
MxDb.Version=DB.6.0.10
NVIC.BusFault_IRQn=true\:0\:0\:false\:false\:true\:false\:false\:false
NVIC.DMA1_Stream3_IRQn=true\:5\:0\:false\:false\:true\:true\:false\:true
NVIC.DMA1_Stream4_IRQn=true\:5\:0\:false\:false\:true\:true\:false\:true
NVIC.DMA2_Stream3_IRQn=true\:5\:0\:false\:false\:true\:true\:false\:true
NVIC.DebugMonitor_IRQn=true\:0\:0\:false\:false\:true\:false\:false\:false
NVIC.EXTI15_10_IRQn=true\:5\:0\:false\:false\:true\:true\:true\:true
NVIC.ForceEnableDMAVector=true
NVIC.HardFault_IRQn=true\:0\:0\:false\:false\:true\:false\:false\:false
NVIC.MemoryManagement_IRQn=true\:0\:0\:false\:false\:true\:false\:false\:false
NVIC.NonMaskableInt_IRQn=true\:0\:0\:false\:false\:true\:false\:false\:false
NVIC.OTG_FS_IRQn=true\:5\:0\:false\:false\:true\:true\:false\:true
NVIC.PendSV_IRQn=true\:15\:0\:false\:false\:false\:true\:false\:false
NVIC.PriorityGroup=NVIC_PRIORITYGROUP_4
NVIC.SVCall_IRQn=true\:0\:0\:false\:false\:false\:false\:false\:false
NVIC.SavedPendsvIrqHandlerGenerated=true
NVIC.SavedSvcallIrqHandlerGenerated=true
NVIC.SavedSystickIrqHandlerGenerated=true
NVIC.SysTick_IRQn=true\:15\:0\:false\:false\:false\:true\:false\:true
NVIC.TIM1_UP_TIM10_IRQn=true\:0\:0\:false\:false\:true\:false\:false\:true
NVIC.TimeBase=TIM1_UP_TIM10_IRQn
NVIC.TimeBaseIP=TIM1
NVIC.UsageFault_IRQn=true\:0\:0\:false\:false\:true\:false\:false\:false
PA0-WKUP.GPIOParameters=GPIO_PuPd,GPIO_Label
PA0-WKUP.GPIO_Label=RBF
PA0-WKUP.GPIO_PuPd=GPIO_PULLUP
PA0-WKUP.Locked=true
PA0-WKUP.Signal=GPIO_Input
PA1.Locked=true
PA1.Signal=S_TIM2_CH2
PA10.GPIOParameters=GPIO_PuPd,GPIO_Label
PA10.GPIO_Label=EXPORT_BLACKBOX
PA10.GPIO_PuPd=GPIO_PULLUP
PA10.Locked=true
PA10.Signal=GPIO_Input
PA11.Mode=Device_Only
PA11.Signal=USB_OTG_FS_DM
PA12.Mode=Device_Only
PA12.Signal=USB_OTG_FS_DP
PA13.Mode=Trace_Asynchronous_SW
PA13.Signal=SYS_JTMS-SWDIO
PA14.Mode=Trace_Asynchronous_SW
PA14.Signal=SYS_JTCK-SWCLK
PA15.GPIOParameters=GPIO_Label
PA15.GPIO_Label=LORA_NSS
PA15.Locked=true
PA15.Signal=GPIO_Output
PA2.GPIOParameters=GPIO_Label
PA2.GPIO_Label=CAM_POWER
PA2.Locked=true
PA2.Signal=GPIO_Output
PA3.Locked=true
PA3.Signal=S_TIM2_CH4
PA4.GPIOParameters=GPIO_Label
PA4.GPIO_Label=FLASH_NSS
PA4.Locked=true
PA4.Signal=GPIO_Output
PA5.Mode=Full_Duplex_Master
PA5.Signal=SPI1_SCK
PA6.Mode=Full_Duplex_Master
PA6.Signal=SPI1_MISO
PA7.Mode=Full_Duplex_Master
PA7.Signal=SPI1_MOSI
PA8.Locked=true
PA8.Mode=I2C
PA8.Signal=I2C3_SCL
PB1.Locked=true
PB1.Signal=S_TIM3_CH4
PB12.GPIOParameters=GPIO_Label
PB12.GPIO_Label=SPI2_NSS
PB12.Locked=true
PB12.Signal=GPIO_Output
PB13.Locked=true
PB13.Mode=Full_Duplex_Master
PB13.Signal=SPI2_SCK
PB14.Locked=true
PB14.Mode=Full_Duplex_Master
PB14.Signal=SPI2_MISO
PB15.Locked=true
PB15.Mode=Full_Duplex_Master
PB15.Signal=SPI2_MOSI
PB3.Mode=Trace_Asynchronous_SW
PB3.Signal=SYS_JTDO-SWO
PB4.GPIOParameters=GPIO_Label
PB4.GPIO_Label=SD_DETECT
PB4.Locked=true
PB4.Signal=GPIO_Input
PB5.Locked=true
PB5.Mode=Full_Duplex_Master
PB5.Signal=SPI3_MOSI
PB6.GPIOParameters=PinState,GPIO_Label
PB6.GPIO_Label=LORA_RESET
PB6.Locked=true
PB6.PinState=GPIO_PIN_SET
PB6.Signal=GPIO_Output
PB8.GPIOParameters=GPIO_PuPd,GPIO_Label
PB8.GPIO_Label=BREAKWIRE
PB8.GPIO_PuPd=GPIO_PULLUP
PB8.Locked=true
PB8.Signal=GPIO_Input
PB9.GPIOParameters=GPIO_PuPd,GPIO_Label
PB9.GPIO_Label=ARM
PB9.GPIO_PuPd=GPIO_PULLUP
PB9.Locked=true
PB9.Signal=GPIO_Input
PC10.Locked=true
PC10.Mode=Full_Duplex_Master
PC10.Signal=SPI3_SCK
PC11.Locked=true
PC11.Mode=Full_Duplex_Master
PC11.Signal=SPI3_MISO
PC12.GPIOParameters=GPIO_Label
PC12.GPIO_Label=LORA_DIO1
PC12.Locked=true
PC12.Signal=GPIO_Input
PC14-OSC32_IN.GPIOParameters=GPIO_Label
PC14-OSC32_IN.GPIO_Label=IMU_INT
PC14-OSC32_IN.Locked=true
PC14-OSC32_IN.Signal=GPXTI14
PC2.GPIOParameters=GPIO_Label
PC2.GPIO_Label=VOLTAGE
PC2.Locked=true
PC2.Signal=ADCx_IN12
PC4.GPIOParameters=GPIO_Label
PC4.GPIO_Label=SD_NSS
PC4.Locked=true
PC4.Signal=GPIO_Output
PC5.GPIOParameters=GPIO_PuPd,GPIO_Label
PC5.GPIO_Label=VTX_BTN1
PC5.GPIO_PuPd=GPIO_PULLDOWN
PC5.Locked=true
PC5.Signal=GPIO_Output
PC6.Locked=true
PC6.Signal=S_TIM3_CH1
PC7.Locked=true
PC7.Signal=S_TIM3_CH2
PC8.Locked=true
PC8.Signal=S_TIM3_CH3
PC9.Locked=true
PC9.Mode=I2C
PC9.Signal=I2C3_SDA
PD2.GPIOParameters=GPIO_Label
PD2.GPIO_Label=LORA_BUSY
PD2.Locked=true
PD2.Signal=GPIO_Input
PH0-OSC_IN.Mode=HSE-External-Oscillator
PH0-OSC_IN.Signal=RCC_OSC_IN
PH1-OSC_OUT.Mode=HSE-External-Oscillator
PH1-OSC_OUT.Signal=RCC_OSC_OUT
PinOutPanel.RotationAngle=0
ProjectManager.AskForMigrate=true
ProjectManager.BackupPrevious=false
ProjectManager.CompilerOptimize=6
ProjectManager.ComputerToolchain=false
ProjectManager.CoupleFile=false
ProjectManager.CustomerFirmwarePackage=
ProjectManager.DefaultFWLocation=true
ProjectManager.DeletePrevious=true
ProjectManager.DeviceId=STM32F446RETx
ProjectManager.FirmwarePackage=STM32Cube FW_F4 V1.25.2
ProjectManager.FreePins=false
ProjectManager.HalAssertFull=false
ProjectManager.HeapSize=0x200
ProjectManager.KeepUserCode=true
ProjectManager.LastFirmware=true
ProjectManager.LibraryCopy=1
ProjectManager.MainLocation=Core/Src
ProjectManager.NoMain=false
ProjectManager.PreviousToolchain=
ProjectManager.ProjectBuild=false
ProjectManager.ProjectFileName=starling firmware.ioc
ProjectManager.ProjectName=starling firmware
ProjectManager.RegisterCallBack=
ProjectManager.StackSize=0x400
ProjectManager.TargetToolchain=STM32CubeIDE
ProjectManager.ToolChainLocation=
ProjectManager.UnderRoot=true
ProjectManager.functionlistsort=1-MX_GPIO_Init-GPIO-false-HAL-true,2-MX_DMA_Init-DMA-false-HAL-true,3-SystemClock_Config-RCC-false-HAL-false,4-MX_TIM3_Init-TIM3-false-HAL-true,5-MX_USB_DEVICE_Init-USB_DEVICE-false-HAL-false,6-MX_SPI2_Init-SPI2-false-HAL-true,7-MX_SPI3_Init-SPI3-false-HAL-true,8-MX_TIM2_Init-TIM2-false-HAL-true,9-MX_SPI1_Init-SPI1-false-HAL-true,10-MX_FATFS_Init-FATFS-false-HAL-false,11-MX_I2C3_Init-I2C3-false-HAL-true,12-MX_ADC1_Init-ADC1-false-HAL-true,13-MX_TIM6_Init-TIM6-false-HAL-true
RCC.AHBFreq_Value=180000000
RCC.APB1CLKDivider=RCC_HCLK_DIV4
RCC.APB1Freq_Value=45000000
RCC.APB1TimFreq_Value=90000000
RCC.APB2CLKDivider=RCC_HCLK_DIV2
RCC.APB2Freq_Value=90000000
RCC.APB2TimFreq_Value=180000000
RCC.CECFreq_Value=32786.88524590164
RCC.CortexFreq_Value=180000000
RCC.FCLKCortexFreq_Value=180000000
RCC.FMPI2C1Freq_Value=45000000
RCC.FamilyName=M
RCC.HCLKFreq_Value=180000000
RCC.HSE_VALUE=8000000
RCC.I2S1Freq_Value=48000000
RCC.I2S2Freq_Value=48000000
RCC.IPParameters=AHBFreq_Value,APB1CLKDivider,APB1Freq_Value,APB1TimFreq_Value,APB2CLKDivider,APB2Freq_Value,APB2TimFreq_Value,CECFreq_Value,CortexFreq_Value,FCLKCortexFreq_Value,FMPI2C1Freq_Value,FamilyName,HCLKFreq_Value,HSE_VALUE,I2S1Freq_Value,I2S2Freq_Value,MCO2PinFreq_Value,PLLCLKFreq_Value,PLLI2SPCLKFreq_Value,PLLI2SQCLKFreq_Value,PLLI2SRCLKFreq_Value,PLLI2SoutputFreq_Value,PLLM,PLLN,PLLQ,PLLQCLKFreq_Value,PLLRCLKFreq_Value,PLLSAIM,PLLSAIN,PLLSAIP,PLLSAIPCLKFreq_Value,PLLSAIQCLKFreq_Value,PLLSAIoutputFreq_Value,PLLSourceVirtual,PWRFreq_Value,SAIAFreq_Value,SAIBFreq_Value,SDIOFreq_Value,SPDIFRXFreq_Value,SYSCLKFreq_VALUE,SYSCLKSource,USBCLockSelection,USBFreq_Value,VCOI2SInputFreq_Value,VCOI2SOutputFreq_Value,VCOInputFreq_Value,VCOOutputFreq_Value,VCOSAIInputFreq_Value,VCOSAIOutputFreq_Value
RCC.MCO2PinFreq_Value=180000000
RCC.PLLCLKFreq_Value=180000000
RCC.PLLI2SPCLKFreq_Value=48000000
RCC.PLLI2SQCLKFreq_Value=48000000
RCC.PLLI2SRCLKFreq_Value=48000000
RCC.PLLI2SoutputFreq_Value=48000000
RCC.PLLM=4
RCC.PLLN=180
RCC.PLLQ=8
RCC.PLLQCLKFreq_Value=45000000
RCC.PLLRCLKFreq_Value=180000000
RCC.PLLSAIM=4
RCC.PLLSAIN=96
RCC.PLLSAIP=RCC_PLLSAIP_DIV4
RCC.PLLSAIPCLKFreq_Value=48000000
RCC.PLLSAIQCLKFreq_Value=96000000
RCC.PLLSAIoutputFreq_Value=48000000
RCC.PLLSourceVirtual=RCC_PLLSOURCE_HSE
RCC.PWRFreq_Value=180000000
RCC.SAIAFreq_Value=96000000
RCC.SAIBFreq_Value=96000000
RCC.SDIOFreq_Value=48000000
RCC.SPDIFRXFreq_Value=180000000
RCC.SYSCLKFreq_VALUE=180000000
RCC.SYSCLKSource=RCC_SYSCLKSOURCE_PLLCLK
RCC.USBCLockSelection=RCC_CLK48CLKSOURCE_PLLSAIP
RCC.USBFreq_Value=48000000
RCC.VCOI2SInputFreq_Value=500000
RCC.VCOI2SOutputFreq_Value=96000000
RCC.VCOInputFreq_Value=2000000
RCC.VCOOutputFreq_Value=360000000
RCC.VCOSAIInputFreq_Value=2000000
RCC.VCOSAIOutputFreq_Value=192000000
SH.ADCx_IN12.0=ADC1_IN12,IN12
SH.ADCx_IN12.ConfNb=1
SH.GPXTI14.0=GPIO_EXTI14
SH.GPXTI14.ConfNb=1
SH.S_TIM2_CH2.0=TIM2_CH2,PWM Generation2 CH2
SH.S_TIM2_CH2.ConfNb=1
SH.S_TIM2_CH4.0=TIM2_CH4,PWM Generation4 CH4
SH.S_TIM2_CH4.ConfNb=1
SH.S_TIM3_CH1.0=TIM3_CH1,PWM Generation1 CH1
SH.S_TIM3_CH1.ConfNb=1
SH.S_TIM3_CH2.0=TIM3_CH2,PWM Generation2 CH2
SH.S_TIM3_CH2.ConfNb=1
SH.S_TIM3_CH3.0=TIM3_CH3,PWM Generation3 CH3
SH.S_TIM3_CH3.ConfNb=1
SH.S_TIM3_CH4.0=TIM3_CH4,PWM Generation4 CH4
SH.S_TIM3_CH4.ConfNb=1
SPI1.BaudRatePrescaler=SPI_BAUDRATEPRESCALER_16
SPI1.CalculateBaudRate=5.625 MBits/s
SPI1.Direction=SPI_DIRECTION_2LINES
SPI1.IPParameters=VirtualType,Mode,Direction,CalculateBaudRate,BaudRatePrescaler
SPI1.Mode=SPI_MODE_MASTER
SPI1.VirtualType=VM_MASTER
SPI2.BaudRatePrescaler=SPI_BAUDRATEPRESCALER_8
SPI2.CalculateBaudRate=5.625 MBits/s
SPI2.Direction=SPI_DIRECTION_2LINES
SPI2.IPParameters=VirtualType,Mode,Direction,CalculateBaudRate,BaudRatePrescaler
SPI2.Mode=SPI_MODE_MASTER
SPI2.VirtualType=VM_MASTER
SPI3.BaudRatePrescaler=SPI_BAUDRATEPRESCALER_8
SPI3.CalculateBaudRate=5.625 MBits/s
SPI3.Direction=SPI_DIRECTION_2LINES
SPI3.IPParameters=VirtualType,Mode,Direction,CalculateBaudRate,BaudRatePrescaler
SPI3.Mode=SPI_MODE_MASTER
SPI3.VirtualType=VM_MASTER
TIM2.Channel-PWM\ Generation2\ CH2=TIM_CHANNEL_2
TIM2.Channel-PWM\ Generation4\ CH4=TIM_CHANNEL_4
TIM2.IPParameters=Prescaler,Period,Channel-PWM Generation4 CH4,Pulse-PWM Generation4 CH4,Channel-PWM Generation2 CH2
TIM2.Period=20000-1
TIM2.Prescaler=90-1
TIM2.Pulse-PWM\ Generation4\ CH4=0
TIM3.Channel-PWM\ Generation1\ CH1=TIM_CHANNEL_1
TIM3.Channel-PWM\ Generation2\ CH2=TIM_CHANNEL_2
TIM3.Channel-PWM\ Generation3\ CH3=TIM_CHANNEL_3
TIM3.Channel-PWM\ Generation4\ CH4=TIM_CHANNEL_4
TIM3.IPParameters=Channel-PWM Generation4 CH4,Prescaler,Period,Pulse-PWM Generation4 CH4,Channel-PWM Generation2 CH2,Channel-PWM Generation3 CH3,Channel-PWM Generation1 CH1,OCPolarity_1,OCPolarity_3,OCPolarity_4
TIM3.OCPolarity_1=TIM_OCPOLARITY_LOW
TIM3.OCPolarity_3=TIM_OCPOLARITY_LOW
TIM3.OCPolarity_4=TIM_OCPOLARITY_LOW
TIM3.Period=256-1
TIM3.Prescaler=90-1
TIM3.Pulse-PWM\ Generation4\ CH4=0
TIM6.IPParameters=Prescaler
TIM6.Prescaler=90-1
USB_DEVICE.CLASS_NAME_FS=CDC
USB_DEVICE.IPParameters=VirtualMode-CDC_FS,VirtualModeFS,CLASS_NAME_FS
USB_DEVICE.VirtualMode-CDC_FS=Cdc
USB_DEVICE.VirtualModeFS=Cdc_FS
USB_OTG_FS.IPParameters=VirtualMode,low_power_enable
USB_OTG_FS.VirtualMode=Device_Only
USB_OTG_FS.low_power_enable=DISABLE
VP_FATFS_VS_Generic.Mode=User_defined
VP_FATFS_VS_Generic.Signal=FATFS_VS_Generic
VP_FREERTOS_VS_CMSIS_V1.Mode=CMSIS_V1
VP_FREERTOS_VS_CMSIS_V1.Signal=FREERTOS_VS_CMSIS_V1
VP_SYS_VS_tim1.Mode=TIM1
VP_SYS_VS_tim1.Signal=SYS_VS_tim1
VP_TIM3_VS_ClockSourceINT.Mode=Internal
VP_TIM3_VS_ClockSourceINT.Signal=TIM3_VS_ClockSourceINT
VP_TIM6_VS_ClockSourceINT.Mode=Enable_Timer
VP_TIM6_VS_ClockSourceINT.Signal=TIM6_VS_ClockSourceINT
VP_USB_DEVICE_VS_USB_DEVICE_CDC_FS.Mode=CDC_FS
VP_USB_DEVICE_VS_USB_DEVICE_CDC_FS.Signal=USB_DEVICE_VS_USB_DEVICE_CDC_FS
board=custom
isbadioc=false
